// !$*UTF8*$!
{
	archiveVersion = 1;
	classes = {
	};
	objectVersion = 46;
	objects = {

/* Begin PBXBuildFile section */
		475E3F101B10D6C1004A3A71 /* AppDelegate.swift in Sources */ = {isa = PBXBuildFile; fileRef = 475E3F0F1B10D6C1004A3A71 /* AppDelegate.swift */; };
		475E3F131B10D6C1004A3A71 /* doneApp.xcdatamodeld in Sources */ = {isa = PBXBuildFile; fileRef = 475E3F111B10D6C1004A3A71 /* doneApp.xcdatamodeld */; };
		475E3F151B10D6C1004A3A71 /* ViewController.swift in Sources */ = {isa = PBXBuildFile; fileRef = 475E3F141B10D6C1004A3A71 /* ViewController.swift */; };
		475E3F181B10D6C1004A3A71 /* Main.storyboard in Resources */ = {isa = PBXBuildFile; fileRef = 475E3F161B10D6C1004A3A71 /* Main.storyboard */; };
		475E3F1A1B10D6C1004A3A71 /* Images.xcassets in Resources */ = {isa = PBXBuildFile; fileRef = 475E3F191B10D6C1004A3A71 /* Images.xcassets */; };
		475E3F1D1B10D6C1004A3A71 /* LaunchScreen.xib in Resources */ = {isa = PBXBuildFile; fileRef = 475E3F1B1B10D6C1004A3A71 /* LaunchScreen.xib */; };
		475E3F291B10D6C1004A3A71 /* doneAppTests.swift in Sources */ = {isa = PBXBuildFile; fileRef = 475E3F281B10D6C1004A3A71 /* doneAppTests.swift */; };
		475E3F331B10D71B004A3A71 /* AudioToolbox.framework in Frameworks */ = {isa = PBXBuildFile; fileRef = 475E3F321B10D71B004A3A71 /* AudioToolbox.framework */; };
		475E3F351B10D724004A3A71 /* CFNetwork.framework in Frameworks */ = {isa = PBXBuildFile; fileRef = 475E3F341B10D724004A3A71 /* CFNetwork.framework */; };
		475E3F371B10D739004A3A71 /* CoreGraphics.framework in Frameworks */ = {isa = PBXBuildFile; fileRef = 475E3F361B10D739004A3A71 /* CoreGraphics.framework */; };
		475E3F391B10D740004A3A71 /* CoreLocation.framework in Frameworks */ = {isa = PBXBuildFile; fileRef = 475E3F381B10D740004A3A71 /* CoreLocation.framework */; };
		475E3F3B1B10D748004A3A71 /* MobileCoreServices.framework in Frameworks */ = {isa = PBXBuildFile; fileRef = 475E3F3A1B10D748004A3A71 /* MobileCoreServices.framework */; };
		475E3F3D1B10D74F004A3A71 /* QuartzCore.framework in Frameworks */ = {isa = PBXBuildFile; fileRef = 475E3F3C1B10D74F004A3A71 /* QuartzCore.framework */; };
		475E3F3F1B10D757004A3A71 /* Security.framework in Frameworks */ = {isa = PBXBuildFile; fileRef = 475E3F3E1B10D757004A3A71 /* Security.framework */; };
		475E3F411B10D75E004A3A71 /* StoreKit.framework in Frameworks */ = {isa = PBXBuildFile; fileRef = 475E3F401B10D75E004A3A71 /* StoreKit.framework */; };
		475E3F431B10D766004A3A71 /* SystemConfiguration.framework in Frameworks */ = {isa = PBXBuildFile; fileRef = 475E3F421B10D766004A3A71 /* SystemConfiguration.framework */; };
		475E3F451B10D76D004A3A71 /* libz.dylib in Frameworks */ = {isa = PBXBuildFile; fileRef = 475E3F441B10D76D004A3A71 /* libz.dylib */; };
		475E3F471B10D781004A3A71 /* libsqlite3.dylib in Frameworks */ = {isa = PBXBuildFile; fileRef = 475E3F461B10D781004A3A71 /* libsqlite3.dylib */; };
		475E3F491B10D7D8004A3A71 /* Parse.framework in Frameworks */ = {isa = PBXBuildFile; fileRef = 475E3F481B10D7D8004A3A71 /* Parse.framework */; };
		475E3F4C1B10DB19004A3A71 /* Bolts.framework in Frameworks */ = {isa = PBXBuildFile; fileRef = 475E3F4B1B10DB19004A3A71 /* Bolts.framework */; };
		4797F8451B1358E700D952D6 /* TimelineTableViewController.swift in Sources */ = {isa = PBXBuildFile; fileRef = 4797F8441B1358E700D952D6 /* TimelineTableViewController.swift */; };
		4797F8471B13595700D952D6 /* ComposeViewController.swift in Sources */ = {isa = PBXBuildFile; fileRef = 4797F8461B13595700D952D6 /* ComposeViewController.swift */; };
		4797F8491B1367A900D952D6 /* doneTableViewCell.swift in Sources */ = {isa = PBXBuildFile; fileRef = 4797F8481B1367A900D952D6 /* doneTableViewCell.swift */; };
/* End PBXBuildFile section */

/* Begin PBXContainerItemProxy section */
		475E3F231B10D6C1004A3A71 /* PBXContainerItemProxy */ = {
			isa = PBXContainerItemProxy;
			containerPortal = 475E3F021B10D6C1004A3A71 /* Project object */;
			proxyType = 1;
			remoteGlobalIDString = 475E3F091B10D6C1004A3A71;
			remoteInfo = doneApp;
		};
/* End PBXContainerItemProxy section */

/* Begin PBXFileReference section */
		475E3F0A1B10D6C1004A3A71 /* doneApp.app */ = {isa = PBXFileReference; explicitFileType = wrapper.application; includeInIndex = 0; path = doneApp.app; sourceTree = BUILT_PRODUCTS_DIR; };
		475E3F0E1B10D6C1004A3A71 /* Info.plist */ = {isa = PBXFileReference; lastKnownFileType = text.plist.xml; path = Info.plist; sourceTree = "<group>"; };
		475E3F0F1B10D6C1004A3A71 /* AppDelegate.swift */ = {isa = PBXFileReference; lastKnownFileType = sourcecode.swift; path = AppDelegate.swift; sourceTree = "<group>"; };
		475E3F121B10D6C1004A3A71 /* doneApp.xcdatamodel */ = {isa = PBXFileReference; lastKnownFileType = wrapper.xcdatamodel; path = doneApp.xcdatamodel; sourceTree = "<group>"; };
		475E3F141B10D6C1004A3A71 /* ViewController.swift */ = {isa = PBXFileReference; lastKnownFileType = sourcecode.swift; path = ViewController.swift; sourceTree = "<group>"; };
		475E3F171B10D6C1004A3A71 /* Base */ = {isa = PBXFileReference; lastKnownFileType = file.storyboard; name = Base; path = Base.lproj/Main.storyboard; sourceTree = "<group>"; };
		475E3F191B10D6C1004A3A71 /* Images.xcassets */ = {isa = PBXFileReference; lastKnownFileType = folder.assetcatalog; path = Images.xcassets; sourceTree = "<group>"; };
		475E3F1C1B10D6C1004A3A71 /* Base */ = {isa = PBXFileReference; lastKnownFileType = file.xib; name = Base; path = Base.lproj/LaunchScreen.xib; sourceTree = "<group>"; };
		475E3F221B10D6C1004A3A71 /* doneAppTests.xctest */ = {isa = PBXFileReference; explicitFileType = wrapper.cfbundle; includeInIndex = 0; path = doneAppTests.xctest; sourceTree = BUILT_PRODUCTS_DIR; };
		475E3F271B10D6C1004A3A71 /* Info.plist */ = {isa = PBXFileReference; lastKnownFileType = text.plist.xml; path = Info.plist; sourceTree = "<group>"; };
		475E3F281B10D6C1004A3A71 /* doneAppTests.swift */ = {isa = PBXFileReference; lastKnownFileType = sourcecode.swift; path = doneAppTests.swift; sourceTree = "<group>"; };
		475E3F321B10D71B004A3A71 /* AudioToolbox.framework */ = {isa = PBXFileReference; lastKnownFileType = wrapper.framework; name = AudioToolbox.framework; path = System/Library/Frameworks/AudioToolbox.framework; sourceTree = SDKROOT; };
		475E3F341B10D724004A3A71 /* CFNetwork.framework */ = {isa = PBXFileReference; lastKnownFileType = wrapper.framework; name = CFNetwork.framework; path = System/Library/Frameworks/CFNetwork.framework; sourceTree = SDKROOT; };
		475E3F361B10D739004A3A71 /* CoreGraphics.framework */ = {isa = PBXFileReference; lastKnownFileType = wrapper.framework; name = CoreGraphics.framework; path = System/Library/Frameworks/CoreGraphics.framework; sourceTree = SDKROOT; };
		475E3F381B10D740004A3A71 /* CoreLocation.framework */ = {isa = PBXFileReference; lastKnownFileType = wrapper.framework; name = CoreLocation.framework; path = System/Library/Frameworks/CoreLocation.framework; sourceTree = SDKROOT; };
		475E3F3A1B10D748004A3A71 /* MobileCoreServices.framework */ = {isa = PBXFileReference; lastKnownFileType = wrapper.framework; name = MobileCoreServices.framework; path = System/Library/Frameworks/MobileCoreServices.framework; sourceTree = SDKROOT; };
		475E3F3C1B10D74F004A3A71 /* QuartzCore.framework */ = {isa = PBXFileReference; lastKnownFileType = wrapper.framework; name = QuartzCore.framework; path = System/Library/Frameworks/QuartzCore.framework; sourceTree = SDKROOT; };
		475E3F3E1B10D757004A3A71 /* Security.framework */ = {isa = PBXFileReference; lastKnownFileType = wrapper.framework; name = Security.framework; path = System/Library/Frameworks/Security.framework; sourceTree = SDKROOT; };
		475E3F401B10D75E004A3A71 /* StoreKit.framework */ = {isa = PBXFileReference; lastKnownFileType = wrapper.framework; name = StoreKit.framework; path = System/Library/Frameworks/StoreKit.framework; sourceTree = SDKROOT; };
		475E3F421B10D766004A3A71 /* SystemConfiguration.framework */ = {isa = PBXFileReference; lastKnownFileType = wrapper.framework; name = SystemConfiguration.framework; path = System/Library/Frameworks/SystemConfiguration.framework; sourceTree = SDKROOT; };
		475E3F441B10D76D004A3A71 /* libz.dylib */ = {isa = PBXFileReference; lastKnownFileType = "compiled.mach-o.dylib"; name = libz.dylib; path = usr/lib/libz.dylib; sourceTree = SDKROOT; };
		475E3F461B10D781004A3A71 /* libsqlite3.dylib */ = {isa = PBXFileReference; lastKnownFileType = "compiled.mach-o.dylib"; name = libsqlite3.dylib; path = usr/lib/libsqlite3.dylib; sourceTree = SDKROOT; };
		475E3F481B10D7D8004A3A71 /* Parse.framework */ = {isa = PBXFileReference; lastKnownFileType = wrapper.framework; path = Parse.framework; sourceTree = "<group>"; };
		475E3F4B1B10DB19004A3A71 /* Bolts.framework */ = {isa = PBXFileReference; lastKnownFileType = wrapper.framework; path = Bolts.framework; sourceTree = "<group>"; };
		4797F8441B1358E700D952D6 /* TimelineTableViewController.swift */ = {isa = PBXFileReference; fileEncoding = 4; lastKnownFileType = sourcecode.swift; path = TimelineTableViewController.swift; sourceTree = "<group>"; };
		4797F8461B13595700D952D6 /* ComposeViewController.swift */ = {isa = PBXFileReference; fileEncoding = 4; lastKnownFileType = sourcecode.swift; path = ComposeViewController.swift; sourceTree = "<group>"; };
		4797F8481B1367A900D952D6 /* doneTableViewCell.swift */ = {isa = PBXFileReference; fileEncoding = 4; lastKnownFileType = sourcecode.swift; path = doneTableViewCell.swift; sourceTree = "<group>"; };
/* End PBXFileReference section */

/* Begin PBXFrameworksBuildPhase section */
		475E3F071B10D6C1004A3A71 /* Frameworks */ = {
			isa = PBXFrameworksBuildPhase;
			buildActionMask = 2147483647;
			files = (
				475E3F471B10D781004A3A71 /* libsqlite3.dylib in Frameworks */,
				475E3F451B10D76D004A3A71 /* libz.dylib in Frameworks */,
				475E3F431B10D766004A3A71 /* SystemConfiguration.framework in Frameworks */,
				475E3F411B10D75E004A3A71 /* StoreKit.framework in Frameworks */,
				475E3F3F1B10D757004A3A71 /* Security.framework in Frameworks */,
				475E3F3D1B10D74F004A3A71 /* QuartzCore.framework in Frameworks */,
				475E3F3B1B10D748004A3A71 /* MobileCoreServices.framework in Frameworks */,
				475E3F4C1B10DB19004A3A71 /* Bolts.framework in Frameworks */,
				475E3F391B10D740004A3A71 /* CoreLocation.framework in Frameworks */,
				475E3F371B10D739004A3A71 /* CoreGraphics.framework in Frameworks */,
				475E3F351B10D724004A3A71 /* CFNetwork.framework in Frameworks */,
				475E3F491B10D7D8004A3A71 /* Parse.framework in Frameworks */,
				475E3F331B10D71B004A3A71 /* AudioToolbox.framework in Frameworks */,
			);
			runOnlyForDeploymentPostprocessing = 0;
		};
		475E3F1F1B10D6C1004A3A71 /* Frameworks */ = {
			isa = PBXFrameworksBuildPhase;
			buildActionMask = 2147483647;
			files = (
			);
			runOnlyForDeploymentPostprocessing = 0;
		};
/* End PBXFrameworksBuildPhase section */

/* Begin PBXGroup section */
		475E3F011B10D6C1004A3A71 = {
			isa = PBXGroup;
			children = (
				475E3F4A1B10D84E004A3A71 /* Frameworks */,
				475E3F0C1B10D6C1004A3A71 /* doneApp */,
				475E3F251B10D6C1004A3A71 /* doneAppTests */,
				475E3F0B1B10D6C1004A3A71 /* Products */,
			);
			sourceTree = "<group>";
		};
		475E3F0B1B10D6C1004A3A71 /* Products */ = {
			isa = PBXGroup;
			children = (
				475E3F0A1B10D6C1004A3A71 /* doneApp.app */,
				475E3F221B10D6C1004A3A71 /* doneAppTests.xctest */,
			);
			name = Products;
			sourceTree = "<group>";
		};
		475E3F0C1B10D6C1004A3A71 /* doneApp */ = {
			isa = PBXGroup;
			children = (
				475E3F0F1B10D6C1004A3A71 /* AppDelegate.swift */,
				4797F8461B13595700D952D6 /* ComposeViewController.swift */,
				4797F8481B1367A900D952D6 /* doneTableViewCell.swift */,
				4797F8441B1358E700D952D6 /* TimelineTableViewController.swift */,
				475E3F141B10D6C1004A3A71 /* ViewController.swift */,
				475E3F161B10D6C1004A3A71 /* Main.storyboard */,
				475E3F191B10D6C1004A3A71 /* Images.xcassets */,
				475E3F1B1B10D6C1004A3A71 /* LaunchScreen.xib */,
				475E3F111B10D6C1004A3A71 /* doneApp.xcdatamodeld */,
				475E3F0D1B10D6C1004A3A71 /* Supporting Files */,
			);
			path = doneApp;
			sourceTree = "<group>";
		};
		475E3F0D1B10D6C1004A3A71 /* Supporting Files */ = {
			isa = PBXGroup;
			children = (
				475E3F0E1B10D6C1004A3A71 /* Info.plist */,
			);
			name = "Supporting Files";
			sourceTree = "<group>";
		};
		475E3F251B10D6C1004A3A71 /* doneAppTests */ = {
			isa = PBXGroup;
			children = (
				475E3F281B10D6C1004A3A71 /* doneAppTests.swift */,
				475E3F261B10D6C1004A3A71 /* Supporting Files */,
			);
			path = doneAppTests;
			sourceTree = "<group>";
		};
		475E3F261B10D6C1004A3A71 /* Supporting Files */ = {
			isa = PBXGroup;
			children = (
				475E3F271B10D6C1004A3A71 /* Info.plist */,
			);
			name = "Supporting Files";
			sourceTree = "<group>";
		};
		475E3F4A1B10D84E004A3A71 /* Frameworks */ = {
			isa = PBXGroup;
			children = (
				475E3F4B1B10DB19004A3A71 /* Bolts.framework */,
				475E3F481B10D7D8004A3A71 /* Parse.framework */,
				475E3F461B10D781004A3A71 /* libsqlite3.dylib */,
				475E3F441B10D76D004A3A71 /* libz.dylib */,
				475E3F421B10D766004A3A71 /* SystemConfiguration.framework */,
				475E3F401B10D75E004A3A71 /* StoreKit.framework */,
				475E3F3E1B10D757004A3A71 /* Security.framework */,
				475E3F3C1B10D74F004A3A71 /* QuartzCore.framework */,
				475E3F3A1B10D748004A3A71 /* MobileCoreServices.framework */,
				475E3F381B10D740004A3A71 /* CoreLocation.framework */,
				475E3F361B10D739004A3A71 /* CoreGraphics.framework */,
				475E3F341B10D724004A3A71 /* CFNetwork.framework */,
				475E3F321B10D71B004A3A71 /* AudioToolbox.framework */,
			);
			name = Frameworks;
			sourceTree = "<group>";
		};
/* End PBXGroup section */

/* Begin PBXNativeTarget section */
		475E3F091B10D6C1004A3A71 /* doneApp */ = {
			isa = PBXNativeTarget;
			buildConfigurationList = 475E3F2C1B10D6C1004A3A71 /* Build configuration list for PBXNativeTarget "doneApp" */;
			buildPhases = (
				475E3F061B10D6C1004A3A71 /* Sources */,
				475E3F071B10D6C1004A3A71 /* Frameworks */,
				475E3F081B10D6C1004A3A71 /* Resources */,
			);
			buildRules = (
			);
			dependencies = (
			);
			name = doneApp;
			productName = doneApp;
			productReference = 475E3F0A1B10D6C1004A3A71 /* doneApp.app */;
			productType = "com.apple.product-type.application";
		};
		475E3F211B10D6C1004A3A71 /* doneAppTests */ = {
			isa = PBXNativeTarget;
			buildConfigurationList = 475E3F2F1B10D6C1004A3A71 /* Build configuration list for PBXNativeTarget "doneAppTests" */;
			buildPhases = (
				475E3F1E1B10D6C1004A3A71 /* Sources */,
				475E3F1F1B10D6C1004A3A71 /* Frameworks */,
				475E3F201B10D6C1004A3A71 /* Resources */,
			);
			buildRules = (
			);
			dependencies = (
				475E3F241B10D6C1004A3A71 /* PBXTargetDependency */,
			);
			name = doneAppTests;
			productName = doneAppTests;
			productReference = 475E3F221B10D6C1004A3A71 /* doneAppTests.xctest */;
			productType = "com.apple.product-type.bundle.unit-test";
		};
/* End PBXNativeTarget section */

/* Begin PBXProject section */
		475E3F021B10D6C1004A3A71 /* Project object */ = {
			isa = PBXProject;
			attributes = {
				LastUpgradeCheck = 0630;
				ORGANIZATIONNAME = "Yohei Fusayasu";
				TargetAttributes = {
					475E3F091B10D6C1004A3A71 = {
						CreatedOnToolsVersion = 6.3.1;
					};
					475E3F211B10D6C1004A3A71 = {
						CreatedOnToolsVersion = 6.3.1;
						TestTargetID = 475E3F091B10D6C1004A3A71;
					};
				};
			};
			buildConfigurationList = 475E3F051B10D6C1004A3A71 /* Build configuration list for PBXProject "doneApp" */;
			compatibilityVersion = "Xcode 3.2";
			developmentRegion = English;
			hasScannedForEncodings = 0;
			knownRegions = (
				en,
				Base,
			);
			mainGroup = 475E3F011B10D6C1004A3A71;
			productRefGroup = 475E3F0B1B10D6C1004A3A71 /* Products */;
			projectDirPath = "";
			projectRoot = "";
			targets = (
				475E3F091B10D6C1004A3A71 /* doneApp */,
				475E3F211B10D6C1004A3A71 /* doneAppTests */,
			);
		};
/* End PBXProject section */

/* Begin PBXResourcesBuildPhase section */
		475E3F081B10D6C1004A3A71 /* Resources */ = {
			isa = PBXResourcesBuildPhase;
			buildActionMask = 2147483647;
			files = (
				475E3F181B10D6C1004A3A71 /* Main.storyboard in Resources */,
				475E3F1D1B10D6C1004A3A71 /* LaunchScreen.xib in Resources */,
				475E3F1A1B10D6C1004A3A71 /* Images.xcassets in Resources */,
			);
			runOnlyForDeploymentPostprocessing = 0;
		};
		475E3F201B10D6C1004A3A71 /* Resources */ = {
			isa = PBXResourcesBuildPhase;
			buildActionMask = 2147483647;
			files = (
			);
			runOnlyForDeploymentPostprocessing = 0;
		};
/* End PBXResourcesBuildPhase section */

/* Begin PBXSourcesBuildPhase section */
		475E3F061B10D6C1004A3A71 /* Sources */ = {
			isa = PBXSourcesBuildPhase;
			buildActionMask = 2147483647;
			files = (
				4797F8471B13595700D952D6 /* ComposeViewController.swift in Sources */,
				475E3F151B10D6C1004A3A71 /* ViewController.swift in Sources */,
				475E3F101B10D6C1004A3A71 /* AppDelegate.swift in Sources */,
				4797F8451B1358E700D952D6 /* TimelineTableViewController.swift in Sources */,
				475E3F131B10D6C1004A3A71 /* doneApp.xcdatamodeld in Sources */,
				4797F8491B1367A900D952D6 /* doneTableViewCell.swift in Sources */,
			);
			runOnlyForDeploymentPostprocessing = 0;
		};
		475E3F1E1B10D6C1004A3A71 /* Sources */ = {
			isa = PBXSourcesBuildPhase;
			buildActionMask = 2147483647;
			files = (
				475E3F291B10D6C1004A3A71 /* doneAppTests.swift in Sources */,
			);
			runOnlyForDeploymentPostprocessing = 0;
		};
/* End PBXSourcesBuildPhase section */

/* Begin PBXTargetDependency section */
		475E3F241B10D6C1004A3A71 /* PBXTargetDependency */ = {
			isa = PBXTargetDependency;
			target = 475E3F091B10D6C1004A3A71 /* doneApp */;
			targetProxy = 475E3F231B10D6C1004A3A71 /* PBXContainerItemProxy */;
		};
/* End PBXTargetDependency section */

/* Begin PBXVariantGroup section */
		475E3F161B10D6C1004A3A71 /* Main.storyboard */ = {
			isa = PBXVariantGroup;
			children = (
				475E3F171B10D6C1004A3A71 /* Base */,
			);
			name = Main.storyboard;
			sourceTree = "<group>";
		};
		475E3F1B1B10D6C1004A3A71 /* LaunchScreen.xib */ = {
			isa = PBXVariantGroup;
			children = (
				475E3F1C1B10D6C1004A3A71 /* Base */,
			);
			name = LaunchScreen.xib;
			sourceTree = "<group>";
		};
/* End PBXVariantGroup section */

/* Begin XCBuildConfiguration section */
		475E3F2A1B10D6C1004A3A71 /* Debug */ = {
			isa = XCBuildConfiguration;
			buildSettings = {
				ALWAYS_SEARCH_USER_PATHS = NO;
				CLANG_CXX_LANGUAGE_STANDARD = "gnu++0x";
				CLANG_CXX_LIBRARY = "libc++";
				CLANG_ENABLE_MODULES = YES;
				CLANG_ENABLE_OBJC_ARC = YES;
				CLANG_WARN_BOOL_CONVERSION = YES;
				CLANG_WARN_CONSTANT_CONVERSION = YES;
				CLANG_WARN_DIRECT_OBJC_ISA_USAGE = YES_ERROR;
				CLANG_WARN_EMPTY_BODY = YES;
				CLANG_WARN_ENUM_CONVERSION = YES;
				CLANG_WARN_INT_CONVERSION = YES;
				CLANG_WARN_OBJC_ROOT_CLASS = YES_ERROR;
				CLANG_WARN_UNREACHABLE_CODE = YES;
				CLANG_WARN__DUPLICATE_METHOD_MATCH = YES;
				"CODE_SIGN_IDENTITY[sdk=iphoneos*]" = "iPhone Developer";
				COPY_PHASE_STRIP = NO;
				DEBUG_INFORMATION_FORMAT = "dwarf-with-dsym";
				ENABLE_STRICT_OBJC_MSGSEND = YES;
				GCC_C_LANGUAGE_STANDARD = gnu99;
				GCC_DYNAMIC_NO_PIC = NO;
				GCC_NO_COMMON_BLOCKS = YES;
				GCC_OPTIMIZATION_LEVEL = 0;
				GCC_PREPROCESSOR_DEFINITIONS = (
					"DEBUG=1",
					"$(inherited)",
				);
				GCC_SYMBOLS_PRIVATE_EXTERN = NO;
				GCC_WARN_64_TO_32_BIT_CONVERSION = YES;
				GCC_WARN_ABOUT_RETURN_TYPE = YES_ERROR;
				GCC_WARN_UNDECLARED_SELECTOR = YES;
				GCC_WARN_UNINITIALIZED_AUTOS = YES_AGGRESSIVE;
				GCC_WARN_UNUSED_FUNCTION = YES;
				GCC_WARN_UNUSED_VARIABLE = YES;
				IPHONEOS_DEPLOYMENT_TARGET = 8.3;
				MTL_ENABLE_DEBUG_INFO = YES;
				ONLY_ACTIVE_ARCH = YES;
				SDKROOT = iphoneos;
				SWIFT_OPTIMIZATION_LEVEL = "-Onone";
			};
			name = Debug;
		};
		475E3F2B1B10D6C1004A3A71 /* Release */ = {
			isa = XCBuildConfiguration;
			buildSettings = {
				ALWAYS_SEARCH_USER_PATHS = NO;
				CLANG_CXX_LANGUAGE_STANDARD = "gnu++0x";
				CLANG_CXX_LIBRARY = "libc++";
				CLANG_ENABLE_MODULES = YES;
				CLANG_ENABLE_OBJC_ARC = YES;
				CLANG_WARN_BOOL_CONVERSION = YES;
				CLANG_WARN_CONSTANT_CONVERSION = YES;
				CLANG_WARN_DIRECT_OBJC_ISA_USAGE = YES_ERROR;
				CLANG_WARN_EMPTY_BODY = YES;
				CLANG_WARN_ENUM_CONVERSION = YES;
				CLANG_WARN_INT_CONVERSION = YES;
				CLANG_WARN_OBJC_ROOT_CLASS = YES_ERROR;
				CLANG_WARN_UNREACHABLE_CODE = YES;
				CLANG_WARN__DUPLICATE_METHOD_MATCH = YES;
				"CODE_SIGN_IDENTITY[sdk=iphoneos*]" = "iPhone Developer";
				COPY_PHASE_STRIP = NO;
				DEBUG_INFORMATION_FORMAT = "dwarf-with-dsym";
				ENABLE_NS_ASSERTIONS = NO;
				ENABLE_STRICT_OBJC_MSGSEND = YES;
				GCC_C_LANGUAGE_STANDARD = gnu99;
				GCC_NO_COMMON_BLOCKS = YES;
				GCC_WARN_64_TO_32_BIT_CONVERSION = YES;
				GCC_WARN_ABOUT_RETURN_TYPE = YES_ERROR;
				GCC_WARN_UNDECLARED_SELECTOR = YES;
				GCC_WARN_UNINITIALIZED_AUTOS = YES_AGGRESSIVE;
				GCC_WARN_UNUSED_FUNCTION = YES;
				GCC_WARN_UNUSED_VARIABLE = YES;
				IPHONEOS_DEPLOYMENT_TARGET = 8.3;
				MTL_ENABLE_DEBUG_INFO = NO;
				SDKROOT = iphoneos;
				VALIDATE_PRODUCT = YES;
			};
			name = Release;
		};
		475E3F2D1B10D6C1004A3A71 /* Debug */ = {
			isa = XCBuildConfiguration;
			buildSettings = {
				ASSETCATALOG_COMPILER_APPICON_NAME = AppIcon;
				FRAMEWORK_SEARCH_PATHS = (
					"$(inherited)",
					"$(PROJECT_DIR)",
				);
				INFOPLIST_FILE = doneApp/Info.plist;
				LD_RUNPATH_SEARCH_PATHS = "$(inherited) @executable_path/Frameworks";
				PRODUCT_NAME = "$(TARGET_NAME)";
			};
			name = Debug;
		};
		475E3F2E1B10D6C1004A3A71 /* Release */ = {
			isa = XCBuildConfiguration;
			buildSettings = {
				ASSETCATALOG_COMPILER_APPICON_NAME = AppIcon;
				FRAMEWORK_SEARCH_PATHS = (
					"$(inherited)",
					"$(PROJECT_DIR)",
				);
				INFOPLIST_FILE = doneApp/Info.plist;
				LD_RUNPATH_SEARCH_PATHS = "$(inherited) @executable_path/Frameworks";
				PRODUCT_NAME = "$(TARGET_NAME)";
			};
			name = Release;
		};
		475E3F301B10D6C1004A3A71 /* Debug */ = {
			isa = XCBuildConfiguration;
			buildSettings = {
				BUNDLE_LOADER = "$(TEST_HOST)";
				FRAMEWORK_SEARCH_PATHS = (
					"$(SDKROOT)/Developer/Library/Frameworks",
					"$(inherited)",
				);
				GCC_PREPROCESSOR_DEFINITIONS = (
					"DEBUG=1",
					"$(inherited)",
				);
				INFOPLIST_FILE = doneAppTests/Info.plist;
				LD_RUNPATH_SEARCH_PATHS = "$(inherited) @executable_path/Frameworks @loader_path/Frameworks";
				PRODUCT_NAME = "$(TARGET_NAME)";
				TEST_HOST = "$(BUILT_PRODUCTS_DIR)/doneApp.app/doneApp";
			};
			name = Debug;
		};
		475E3F311B10D6C1004A3A71 /* Release */ = {
			isa = XCBuildConfiguration;
			buildSettings = {
				BUNDLE_LOADER = "$(TEST_HOST)";
				FRAMEWORK_SEARCH_PATHS = (
					"$(SDKROOT)/Developer/Library/Frameworks",
					"$(inherited)",
				);
				INFOPLIST_FILE = doneAppTests/Info.plist;
				LD_RUNPATH_SEARCH_PATHS = "$(inherited) @executable_path/Frameworks @loader_path/Frameworks";
				PRODUCT_NAME = "$(TARGET_NAME)";
				TEST_HOST = "$(BUILT_PRODUCTS_DIR)/doneApp.app/doneApp";
			};
			name = Release;
		};
/* End XCBuildConfiguration section */

/* Begin XCConfigurationList section */
		475E3F051B10D6C1004A3A71 /* Build configuration list for PBXProject "doneApp" */ = {
			isa = XCConfigurationList;
			buildConfigurations = (
				475E3F2A1B10D6C1004A3A71 /* Debug */,
				475E3F2B1B10D6C1004A3A71 /* Release */,
			);
			defaultConfigurationIsVisible = 0;
			defaultConfigurationName = Release;
		};
		475E3F2C1B10D6C1004A3A71 /* Build configuration list for PBXNativeTarget "doneApp" */ = {
			isa = XCConfigurationList;
			buildConfigurations = (
				475E3F2D1B10D6C1004A3A71 /* Debug */,
				475E3F2E1B10D6C1004A3A71 /* Release */,
			);
			defaultConfigurationIsVisible = 0;
			defaultConfigurationName = Release;
		};
		475E3F2F1B10D6C1004A3A71 /* Build configuration list for PBXNativeTarget "doneAppTests" */ = {
			isa = XCConfigurationList;
			buildConfigurations = (
				475E3F301B10D6C1004A3A71 /* Debug */,
				475E3F311B10D6C1004A3A71 /* Release */,
			);
			defaultConfigurationIsVisible = 0;
			defaultConfigurationName = Release;
		};
/* End XCConfigurationList section */

/* Begin XCVersionGroup section */
		475E3F111B10D6C1004A3A71 /* doneApp.xcdatamodeld */ = {
			isa = XCVersionGroup;
			children = (
				475E3F121B10D6C1004A3A71 /* doneApp.xcdatamodel */,
			);
			currentVersion = 475E3F121B10D6C1004A3A71 /* doneApp.xcdatamodel */;
			path = doneApp.xcdatamodeld;
			sourceTree = "<group>";
			versionGroupType = wrapper.xcdatamodel;
		};
/* End XCVersionGroup section */
	};
	rootObject = 475E3F021B10D6C1004A3A71 /* Project object */;
}
